
Microsoft Visual Studio Solution File, Format Version 12.00
# Visual Studio Version 17
VisualStudioVersion = 17.6.33829.357
MinimumVisualStudioVersion = 10.0.40219.1
Project("{FAE04EC0-301F-11D3-BF4B-00C04F79EFBC}") = "hangman", "hangman\hangman.csproj", "{541EF66C-D99A-476A-BFE8-5083C18B5382}"
EndProject
Global
	GlobalSection(SolutionConfigurationPlatforms) = preSolution
		Debug|Any CPU = Debug|Any CPU
		Release|Any CPU = Release|Any CPU
	EndGlobalSection
	GlobalSection(ProjectConfigurationPlatforms) = postSolution
		{541EF66C-D99A-476A-BFE8-5083C18B5382}.Debug|Any CPU.ActiveCfg = Debug|Any CPU
		{541EF66C-D99A-476A-BFE8-5083C18B5382}.Debug|Any CPU.Build.0 = Debug|Any CPU
		{541EF66C-D99A-476A-BFE8-5083C18B5382}.Release|Any CPU.ActiveCfg = Release|Any CPU
		{541EF66C-D99A-476A-BFE8-5083C18B5382}.Release|Any CPU.Build.0 = Release|Any CPU
	EndGlobalSection
	GlobalSection(SolutionProperties) = preSolution
		HideSolutionNode = FALSE
	EndGlobalSection
	GlobalSection(ExtensibilityGlobals) = postSolution
		SolutionGuid = {6A9119BD-5C47-4C88-84AB-8A1265266F96}
	EndGlobalSection
EndGlobal
